
Microsoft Visual Studio Solution File, Format Version 12.00
# Visual Studio 15
VisualStudioVersion = 15.0.27004.2009
MinimumVisualStudioVersion = 10.0.40219.1
Project("{FAE04EC0-301F-11D3-BF4B-00C04F79EFBC}") = "Dzakuma.MicroserviceMockup.EmployeeData", "Dzakuma.MicroserviceMockup.EmployeeData\Dzakuma.MicroserviceMockup.EmployeeData.csproj", "{BD649AF3-ABCB-47FA-A0A9-5457091007E8}"
EndProject
Project("{FAE04EC0-301F-11D3-BF4B-00C04F79EFBC}") = "Dzakuma.MicroserviceMockup.EmployeeData.Tests", "Dzakuma.MicroserviceMockup.EmployeeData.Tests\Dzakuma.MicroserviceMockup.EmployeeData.Tests.csproj", "{A7C125BB-0485-451D-BB82-A9089289BF32}"
EndProject
Global
	GlobalSection(SolutionConfigurationPlatforms) = preSolution
		Debug|Any CPU = Debug|Any CPU
		Release|Any CPU = Release|Any CPU
	EndGlobalSection
	GlobalSection(ProjectConfigurationPlatforms) = postSolution
		{BD649AF3-ABCB-47FA-A0A9-5457091007E8}.Debug|Any CPU.ActiveCfg = Debug|Any CPU
		{BD649AF3-ABCB-47FA-A0A9-5457091007E8}.Debug|Any CPU.Build.0 = Debug|Any CPU
		{BD649AF3-ABCB-47FA-A0A9-5457091007E8}.Release|Any CPU.ActiveCfg = Release|Any CPU
		{BD649AF3-ABCB-47FA-A0A9-5457091007E8}.Release|Any CPU.Build.0 = Release|Any CPU
		{A7C125BB-0485-451D-BB82-A9089289BF32}.Debug|Any CPU.ActiveCfg = Debug|Any CPU
		{A7C125BB-0485-451D-BB82-A9089289BF32}.Debug|Any CPU.Build.0 = Debug|Any CPU
		{A7C125BB-0485-451D-BB82-A9089289BF32}.Release|Any CPU.ActiveCfg = Release|Any CPU
		{A7C125BB-0485-451D-BB82-A9089289BF32}.Release|Any CPU.Build.0 = Release|Any CPU
	EndGlobalSection
	GlobalSection(SolutionProperties) = preSolution
		HideSolutionNode = FALSE
	EndGlobalSection
	GlobalSection(ExtensibilityGlobals) = postSolution
		SolutionGuid = {DFBEEB9B-4E93-4342-9F00-9E916851F6DD}
	EndGlobalSection
EndGlobal
